Microsoft Visual Studio Solution File, Format Version 12.00
# Visual Studio Version 17
VisualStudioVersion = 17.5.2.0
MinimumVisualStudioVersion = 10.0.40219.1
Project("{FAE04EC0-301F-11D3-BF4B-00C04F79EFBC}") = "IEC61850-simulatorServer2", "IEC61850-simulatorServer2.csproj", "{03790039-95A8-337F-34F6-E379EC855807}"
EndProject
Global
	GlobalSection(SolutionConfigurationPlatforms) = preSolution
		Debug|Any CPU = Debug|Any CPU
		Release|Any CPU = Release|Any CPU
	EndGlobalSection
	GlobalSection(ProjectConfigurationPlatforms) = postSolution
		{03790039-95A8-337F-34F6-E379EC855807}.Debug|Any CPU.ActiveCfg = Debug|Any CPU
		{03790039-95A8-337F-34F6-E379EC855807}.Debug|Any CPU.Build.0 = Debug|Any CPU
		{03790039-95A8-337F-34F6-E379EC855807}.Release|Any CPU.ActiveCfg = Release|Any CPU
		{03790039-95A8-337F-34F6-E379EC855807}.Release|Any CPU.Build.0 = Release|Any CPU
	EndGlobalSection
	GlobalSection(SolutionProperties) = preSolution
		HideSolutionNode = FALSE
	EndGlobalSection
	GlobalSection(ExtensibilityGlobals) = postSolution
		SolutionGuid = {A494D307-BCDB-4327-8088-188C13EE660A}
	EndGlobalSection
EndGlobal
